
Microsoft Visual Studio Solution File, Format Version 12.00
# Visual Studio 2012
Project("{FAE04EC0-301F-11D3-BF4B-00C04F79EFBC}") = "AB_CustomerWebAPI_AngularJS", "AB_CustomerWebAPI_1\AB_CustomerWebAPI_AngularJS.csproj", "{AD1D56FB-0218-4EFF-A8FC-9315E10AEF84}"
EndProject
Global
	GlobalSection(SolutionConfigurationPlatforms) = preSolution
		Debug|Any CPU = Debug|Any CPU
		Release|Any CPU = Release|Any CPU
	EndGlobalSection
	GlobalSection(ProjectConfigurationPlatforms) = postSolution
		{AD1D56FB-0218-4EFF-A8FC-9315E10AEF84}.Debug|Any CPU.ActiveCfg = Debug|Any CPU
		{AD1D56FB-0218-4EFF-A8FC-9315E10AEF84}.Debug|Any CPU.Build.0 = Debug|Any CPU
		{AD1D56FB-0218-4EFF-A8FC-9315E10AEF84}.Release|Any CPU.ActiveCfg = Release|Any CPU
		{AD1D56FB-0218-4EFF-A8FC-9315E10AEF84}.Release|Any CPU.Build.0 = Release|Any CPU
	EndGlobalSection
	GlobalSection(SolutionProperties) = preSolution
		HideSolutionNode = FALSE
	EndGlobalSection
EndGlobal
