
Microsoft Visual Studio Solution File, Format Version 11.00
# Visual Studio 2010
Project("{FAE04EC0-301F-11D3-BF4B-00C04F79EFBC}") = "AngularJS", "AngularJS\AngularJS.csproj", "{DFEF3685-7DB0-4A52-9CFF-9EE6C0C8CC04}"
EndProject
Global
	GlobalSection(TeamFoundationVersionControl) = preSolution
		SccNumberOfProjects = 2
		SccEnterpriseProvider = {4CA58AB2-18FA-4F8D-95D4-32DDF27D184C}
		SccTeamFoundationServer = http://ser-sy-014:8080/tfs/utpl
		SccLocalPath0 = .
		SccProjectUniqueName1 = AngularJS\\AngularJS.csproj
		SccProjectName1 = AngularJS
		SccLocalPath1 = AngularJS
	EndGlobalSection
	GlobalSection(SolutionConfigurationPlatforms) = preSolution
		Debug|Any CPU = Debug|Any CPU
		Release|Any CPU = Release|Any CPU
	EndGlobalSection
	GlobalSection(ProjectConfigurationPlatforms) = postSolution
		{DFEF3685-7DB0-4A52-9CFF-9EE6C0C8CC04}.Debug|Any CPU.ActiveCfg = Debug|Any CPU
		{DFEF3685-7DB0-4A52-9CFF-9EE6C0C8CC04}.Debug|Any CPU.Build.0 = Debug|Any CPU
		{DFEF3685-7DB0-4A52-9CFF-9EE6C0C8CC04}.Release|Any CPU.ActiveCfg = Release|Any CPU
		{DFEF3685-7DB0-4A52-9CFF-9EE6C0C8CC04}.Release|Any CPU.Build.0 = Release|Any CPU
	EndGlobalSection
	GlobalSection(SolutionProperties) = preSolution
		HideSolutionNode = FALSE
	EndGlobalSection
EndGlobal
