
Microsoft Visual Studio Solution File, Format Version 12.00
# Visual Studio 14
VisualStudioVersion = 14.0.24720.0
MinimumVisualStudioVersion = 10.0.40219.1
Project("{FAE04EC0-301F-11D3-BF4B-00C04F79EFBC}") = "CrudAngular", "CrudAngular\CrudAngular.csproj", "{97B444DF-3BA2-4334-ADFD-594096CC9BA7}"
EndProject
Project("{FAE04EC0-301F-11D3-BF4B-00C04F79EFBC}") = "CrudAngular.Tests", "CrudAngular.Tests\CrudAngular.Tests.csproj", "{493ACB9D-4A00-483B-AE01-FE6C7429072F}"
EndProject
Global
	GlobalSection(SolutionConfigurationPlatforms) = preSolution
		Debug|Any CPU = Debug|Any CPU
		Release|Any CPU = Release|Any CPU
	EndGlobalSection
	GlobalSection(ProjectConfigurationPlatforms) = postSolution
		{97B444DF-3BA2-4334-ADFD-594096CC9BA7}.Debug|Any CPU.ActiveCfg = Debug|Any CPU
		{97B444DF-3BA2-4334-ADFD-594096CC9BA7}.Debug|Any CPU.Build.0 = Debug|Any CPU
		{97B444DF-3BA2-4334-ADFD-594096CC9BA7}.Release|Any CPU.ActiveCfg = Release|Any CPU
		{97B444DF-3BA2-4334-ADFD-594096CC9BA7}.Release|Any CPU.Build.0 = Release|Any CPU
		{493ACB9D-4A00-483B-AE01-FE6C7429072F}.Debug|Any CPU.ActiveCfg = Debug|Any CPU
		{493ACB9D-4A00-483B-AE01-FE6C7429072F}.Debug|Any CPU.Build.0 = Debug|Any CPU
		{493ACB9D-4A00-483B-AE01-FE6C7429072F}.Release|Any CPU.ActiveCfg = Release|Any CPU
		{493ACB9D-4A00-483B-AE01-FE6C7429072F}.Release|Any CPU.Build.0 = Release|Any CPU
	EndGlobalSection
	GlobalSection(SolutionProperties) = preSolution
		HideSolutionNode = FALSE
	EndGlobalSection
EndGlobal
